
Microsoft Visual Studio Solution File, Format Version 12.00
# Visual Studio Version 17
VisualStudioVersion = 17.3.32819.101
MinimumVisualStudioVersion = 10.0.40219.1
Project("{2150E333-8FDC-42A3-9474-1A3956D46DE8}") = "UI", "UI", "{441A2BE0-2C5D-4F7E-A4B0-646CBBE190A7}"
EndProject
Project("{2150E333-8FDC-42A3-9474-1A3956D46DE8}") = "Core", "Core", "{87B21441-1EC4-410D-A143-DF738EEA93B7}"
EndProject
Project("{2150E333-8FDC-42A3-9474-1A3956D46DE8}") = "Infrastructure", "Infrastructure", "{1665D177-1870-454D-A205-1F66F1F51ABD}"
EndProject
Project("{9A19103F-16F7-4668-BE54-9A1E7A4F7556}") = "Core.Domain", "Core.Domain\Core.Domain.csproj", "{BC283E30-817A-4C69-BD9B-27CE848B77FF}"
EndProject
Project("{9A19103F-16F7-4668-BE54-9A1E7A4F7556}") = "Core.DomainServices.Tests", "Core.DomainServices.Tests\Core.DomainServices.Tests.csproj", "{C55F00A0-C825-40FF-B6F6-5D8B6D34663D}"
EndProject
Project("{9A19103F-16F7-4668-BE54-9A1E7A4F7556}") = "Core.DomainServices", "Core.DomainServices\Core.DomainServices.csproj", "{A8468BF8-A13E-4C3D-9C9D-83E87FBC8F6A}"
EndProject
Project("{9A19103F-16F7-4668-BE54-9A1E7A4F7556}") = "Infrastructure", "Infrastructure\Infrastructure.csproj", "{8C8EBC3A-165D-40B4-BF6F-FDA9B2CB2601}"
EndProject
Project("{9A19103F-16F7-4668-BE54-9A1E7A4F7556}") = "Portal", "Portal\Portal.csproj", "{759E933C-BCC6-4454-9E80-31C30A58421C}"
EndProject
Project("{2150E333-8FDC-42A3-9474-1A3956D46DE8}") = "Solution Items", "Solution Items", "{F7677B7B-068D-4708-919C-B67B0D749043}"
	ProjectSection(SolutionItems) = preProject
		.editorconfig = .editorconfig
	EndProjectSection
EndProject
Project("{9A19103F-16F7-4668-BE54-9A1E7A4F7556}") = "WebApi", "WebApi\WebApi.csproj", "{1E529AE0-081B-4DAF-8643-F2B81CBA22D9}"
EndProject
Global
	GlobalSection(SolutionConfigurationPlatforms) = preSolution
		Debug|Any CPU = Debug|Any CPU
		Release|Any CPU = Release|Any CPU
	EndGlobalSection
	GlobalSection(ProjectConfigurationPlatforms) = postSolution
		{BC283E30-817A-4C69-BD9B-27CE848B77FF}.Debug|Any CPU.ActiveCfg = Debug|Any CPU
		{BC283E30-817A-4C69-BD9B-27CE848B77FF}.Debug|Any CPU.Build.0 = Debug|Any CPU
		{BC283E30-817A-4C69-BD9B-27CE848B77FF}.Release|Any CPU.ActiveCfg = Release|Any CPU
		{BC283E30-817A-4C69-BD9B-27CE848B77FF}.Release|Any CPU.Build.0 = Release|Any CPU
		{C55F00A0-C825-40FF-B6F6-5D8B6D34663D}.Debug|Any CPU.ActiveCfg = Debug|Any CPU
		{C55F00A0-C825-40FF-B6F6-5D8B6D34663D}.Debug|Any CPU.Build.0 = Debug|Any CPU
		{C55F00A0-C825-40FF-B6F6-5D8B6D34663D}.Release|Any CPU.ActiveCfg = Release|Any CPU
		{C55F00A0-C825-40FF-B6F6-5D8B6D34663D}.Release|Any CPU.Build.0 = Release|Any CPU
		{A8468BF8-A13E-4C3D-9C9D-83E87FBC8F6A}.Debug|Any CPU.ActiveCfg = Debug|Any CPU
		{A8468BF8-A13E-4C3D-9C9D-83E87FBC8F6A}.Debug|Any CPU.Build.0 = Debug|Any CPU
		{A8468BF8-A13E-4C3D-9C9D-83E87FBC8F6A}.Release|Any CPU.ActiveCfg = Release|Any CPU
		{A8468BF8-A13E-4C3D-9C9D-83E87FBC8F6A}.Release|Any CPU.Build.0 = Release|Any CPU
		{8C8EBC3A-165D-40B4-BF6F-FDA9B2CB2601}.Debug|Any CPU.ActiveCfg = Debug|Any CPU
		{8C8EBC3A-165D-40B4-BF6F-FDA9B2CB2601}.Debug|Any CPU.Build.0 = Debug|Any CPU
		{8C8EBC3A-165D-40B4-BF6F-FDA9B2CB2601}.Release|Any CPU.ActiveCfg = Release|Any CPU
		{8C8EBC3A-165D-40B4-BF6F-FDA9B2CB2601}.Release|Any CPU.Build.0 = Release|Any CPU
		{759E933C-BCC6-4454-9E80-31C30A58421C}.Debug|Any CPU.ActiveCfg = Debug|Any CPU
		{759E933C-BCC6-4454-9E80-31C30A58421C}.Debug|Any CPU.Build.0 = Debug|Any CPU
		{759E933C-BCC6-4454-9E80-31C30A58421C}.Release|Any CPU.ActiveCfg = Release|Any CPU
		{759E933C-BCC6-4454-9E80-31C30A58421C}.Release|Any CPU.Build.0 = Release|Any CPU
		{1E529AE0-081B-4DAF-8643-F2B81CBA22D9}.Debug|Any CPU.ActiveCfg = Debug|Any CPU
		{1E529AE0-081B-4DAF-8643-F2B81CBA22D9}.Debug|Any CPU.Build.0 = Debug|Any CPU
		{1E529AE0-081B-4DAF-8643-F2B81CBA22D9}.Release|Any CPU.ActiveCfg = Release|Any CPU
		{1E529AE0-081B-4DAF-8643-F2B81CBA22D9}.Release|Any CPU.Build.0 = Release|Any CPU
	EndGlobalSection
	GlobalSection(SolutionProperties) = preSolution
		HideSolutionNode = FALSE
	EndGlobalSection
	GlobalSection(NestedProjects) = preSolution
		{BC283E30-817A-4C69-BD9B-27CE848B77FF} = {87B21441-1EC4-410D-A143-DF738EEA93B7}
		{C55F00A0-C825-40FF-B6F6-5D8B6D34663D} = {87B21441-1EC4-410D-A143-DF738EEA93B7}
		{A8468BF8-A13E-4C3D-9C9D-83E87FBC8F6A} = {87B21441-1EC4-410D-A143-DF738EEA93B7}
		{8C8EBC3A-165D-40B4-BF6F-FDA9B2CB2601} = {1665D177-1870-454D-A205-1F66F1F51ABD}
		{759E933C-BCC6-4454-9E80-31C30A58421C} = {441A2BE0-2C5D-4F7E-A4B0-646CBBE190A7}
	EndGlobalSection
	GlobalSection(ExtensibilityGlobals) = postSolution
		SolutionGuid = {FCE2259D-3F6D-4E71-A089-46618E9E4B7E}
	EndGlobalSection
EndGlobal
